{
  "name": "frontend2",
  "version": "0.1.0",
  "lockfileVersion": 1,
  "requires": true,
  "dependencies": {
    "axios": {
      "version": "0.17.1",
      "resolved": "https://registry.npmjs.org/axios/-/axios-0.17.1.tgz",
      "integrity": "sha1-LY4+XQvb1zJ/kbyBT1xXZg+Bgk0="
    },
    "cookie": {
      "version": "0.3.1",
      "resolved": "https://registry.npmjs.org/cookie/-/cookie-0.3.1.tgz",
      "integrity": "sha1-5+Ch+e9DtMi6klxcWpboBtFoc7s="
    },
    "fbjs": {
      "version": "0.8.16",
      "resolved": "https://registry.npmjs.org/fbjs/-/fbjs-0.8.16.tgz",
      "integrity": "sha1-XmdDL1UNxBtXK/VYR7ispk5TN9s="
    },
    "is-node": {
      "version": "1.0.2",
      "resolved": "https://registry.npmjs.org/is-node/-/is-node-1.0.2.tgz",
      "integrity": "sha1-19ACdF733ru3R36YiVarCk/MtlM="
    },
    "loose-envify": {
      "version": "1.3.1",
      "resolved": "https://registry.npmjs.org/loose-envify/-/loose-envify-1.3.1.tgz",
      "integrity": "sha1-0aitM/qc4OcT1l/dCsi3SNR4yEg="
    },
    "object-assign": {
      "version": "4.1.1",
      "resolved": "https://registry.npmjs.org/object-assign/-/object-assign-4.1.1.tgz",
      "integrity": "sha1-IQmtx5ZYh8/AXLvUQsrIv7s2CGM="
    },
    "prop-types": {
      "version": "15.6.0",
      "resolved": "https://registry.npmjs.org/prop-types/-/prop-types-15.6.0.tgz",
      "integrity": "sha1-zq8IMCL8RrSjX2nhPvda7Q1jmFY="
    },
    "react": {
      "version": "16.1.1",
      "resolved": "https://registry.npmjs.org/react/-/react-16.1.1.tgz",
      "integrity": "sha512-FQfiFfk2z2Fk87OngNJHT05KyC9DOVn8LPeB7ZX+9u5+yU1JK6o5ozRlU3PeOMr0IFkWNvgn9jU8/IhRxR1F0g=="
    },
    "react-cookie": {
      "version": "1.0.5",
      "resolved": "https://registry.npmjs.org/react-cookie/-/react-cookie-1.0.5.tgz",
      "integrity": "sha1-I0GQvVXd/qNhREqJyHMHerar9lE=",
      "requires": {
        "cookie": "^0.3.1",
        "is-node": "^1.0.2",
        "object-assign": "^4.1.0"
      }
    },
    "react-dom": {
      "version": "16.1.2",
      "resolved": "https://registry.npmjs.org/react-dom/-/react-dom-16.1.2.tgz",
      "integrity": "sha512-e2iKeys/pJcIzszO+9EYxnTus6JI3pftzhXGG8K9B9co2SljknimfuY1/VlAG9nDBipDAc8jkIuuhlz+EiGL+g==",
      "requires": {
        "fbjs": "^0.8.16",
        "loose-envify": "^1.1.0",
        "object-assign": "^4.1.1",
        "prop-types": "^15.6.0"
      }
    },
    "react-scripts": {
      "version": "1.0.17",
      "resolved": "https://registry.npmjs.org/react-scripts/-/react-scripts-1.0.17.tgz",
      "integrity": "sha512-tf2kBx230iUSxqJZxboYINlIOKryW+CC7oVgQ4rguNLmcPgWvnnCM8huAgCgL2yuqDd0qQvnI5sRCmc+0TQ5zw==",
      "dependencies": {
        "promise": {
          "version": "8.0.1",
          "resolved": "https://registry.npmjs.org/promise/-/promise-8.0.1.tgz",
          "integrity": "sha1-5F1osAoXZHttpxG/he1u1HII9FA="
        }
      }
    },
    "uuid": {
      "version": "3.1.0",
      "resolved": "https://registry.npmjs.org/uuid/-/uuid-3.1.0.tgz",
      "integrity": "sha512-DIWtzUkw04M4k3bf1IcpS2tngXEL26YUD2M0tMDUpnUrz2hgzUBlD55a4FjdLGPvfHxS6uluGWvaVEqgBcVa+g=="
    }
  }
}
